
Microsoft Visual Studio Solution File, Format Version 12.00
# Visual Studio Version 16
VisualStudioVersion = 16.0.31424.327
MinimumVisualStudioVersion = 10.0.40219.1
Project("{9A19103F-16F7-4668-BE54-9A1E7A4F7556}") = "PMMPGuiApp", "PMMPGuiApp\PMMPGuiApp.csproj", "{D4448491-7290-4091-B18D-77B760F287F7}"
EndProject
Global
	GlobalSection(SolutionConfigurationPlatforms) = preSolution
		Debug|Any CPU = Debug|Any CPU
		Release|Any CPU = Release|Any CPU
	EndGlobalSection
	GlobalSection(ProjectConfigurationPlatforms) = postSolution
		{D4448491-7290-4091-B18D-77B760F287F7}.Debug|Any CPU.ActiveCfg = Debug|Any CPU
		{D4448491-7290-4091-B18D-77B760F287F7}.Debug|Any CPU.Build.0 = Debug|Any CPU
		{D4448491-7290-4091-B18D-77B760F287F7}.Release|Any CPU.ActiveCfg = Release|Any CPU
		{D4448491-7290-4091-B18D-77B760F287F7}.Release|Any CPU.Build.0 = Release|Any CPU
	EndGlobalSection
	GlobalSection(SolutionProperties) = preSolution
		HideSolutionNode = FALSE
	EndGlobalSection
	GlobalSection(ExtensibilityGlobals) = postSolution
		SolutionGuid = {A134CA1B-77B1-4BEA-8196-4F333E97A5DF}
	EndGlobalSection
EndGlobal
